
Microsoft Visual Studio Solution File, Format Version 12.00
# Visual Studio 15
VisualStudioVersion = 15.0.27428.2015
MinimumVisualStudioVersion = 10.0.40219.1
Project("{FAE04EC0-301F-11D3-BF4B-00C04F79EFBC}") = "testGUI", "testGUI\testGUI.csproj", "{242C2B99-B9AF-4DD3-BD15-0CB46C071390}"
EndProject
Global
	GlobalSection(SolutionConfigurationPlatforms) = preSolution
		Debug|Any CPU = Debug|Any CPU
		Release|Any CPU = Release|Any CPU
	EndGlobalSection
	GlobalSection(ProjectConfigurationPlatforms) = postSolution
		{242C2B99-B9AF-4DD3-BD15-0CB46C071390}.Debug|Any CPU.ActiveCfg = Debug|Any CPU
		{242C2B99-B9AF-4DD3-BD15-0CB46C071390}.Debug|Any CPU.Build.0 = Debug|Any CPU
		{242C2B99-B9AF-4DD3-BD15-0CB46C071390}.Release|Any CPU.ActiveCfg = Release|Any CPU
		{242C2B99-B9AF-4DD3-BD15-0CB46C071390}.Release|Any CPU.Build.0 = Release|Any CPU
	EndGlobalSection
	GlobalSection(SolutionProperties) = preSolution
		HideSolutionNode = FALSE
	EndGlobalSection
	GlobalSection(ExtensibilityGlobals) = postSolution
		SolutionGuid = {50FA46B8-6FDF-40B2-8826-BE6221137415}
	EndGlobalSection
EndGlobal
